// !$*UTF8*$!
{
	archiveVersion = 1;
	classes = {
	};
	objectVersion = 46;
	objects = {

/* Begin PBXBuildFile section */
		02AD445F5C2B4BC19F68328D /* Fontisto.ttf in Resources */ = {isa = PBXBuildFile; fileRef = 06C997CDAFDF47F2852473AE /* Fontisto.ttf */; };
		087CE9DCB40248FD8A6FC8C9 /* Feather.ttf in Resources */ = {isa = PBXBuildFile; fileRef = AC719B7B74734243B38DAEEB /* Feather.ttf */; };
		0B6E6AA823EEAD11002171BE /* TNavigationController.m in Sources */ = {isa = PBXBuildFile; fileRef = 0B6E6AA723EEAD11002171BE /* TNavigationController.m */; };
		0B6E6AAC23EEF374002171BE /* UIColor+Hex.m in Sources */ = {isa = PBXBuildFile; fileRef = 0B6E6AAB23EEF374002171BE /* UIColor+Hex.m */; };
		0B6E6AAF23EEFBC9002171BE /* UIImage+Color.m in Sources */ = {isa = PBXBuildFile; fileRef = 0B6E6AAE23EEFBC9002171BE /* UIImage+Color.m */; };
		0B7061C323EE93F7009D3233 /* TRootViewController.m in Sources */ = {isa = PBXBuildFile; fileRef = 0B7061C223EE93F7009D3233 /* TRootViewController.m */; };
		0B7061C623EE9443009D3233 /* TChatViewController.m in Sources */ = {isa = PBXBuildFile; fileRef = 0B7061C523EE9443009D3233 /* TChatViewController.m */; };
		0BB1169C23EC63B50079CEE8 /* RNBridge.m in Sources */ = {isa = PBXBuildFile; fileRef = 0BB1169B23EC63B50079CEE8 /* RNBridge.m */; };
		0BFACC2023F0480700D941F1 /* TChatMessageViewController.m in Sources */ = {isa = PBXBuildFile; fileRef = 0BFACC1F23F0480700D941F1 /* TChatMessageViewController.m */; };
		0BFACC2323F0484900D941F1 /* TChatBoxViewController.m in Sources */ = {isa = PBXBuildFile; fileRef = 0BFACC2223F0484900D941F1 /* TChatBoxViewController.m */; };
		0BFACC2723F05F2800D941F1 /* TChatBoxView.m in Sources */ = {isa = PBXBuildFile; fileRef = 0BFACC2623F05F2800D941F1 /* TChatBoxView.m */; };
		13B07FBC1A68108700A75B9A /* AppDelegate.m in Sources */ = {isa = PBXBuildFile; fileRef = 13B07FB01A68108700A75B9A /* AppDelegate.m */; };
		13B07FBF1A68108700A75B9A /* Images.xcassets in Resources */ = {isa = PBXBuildFile; fileRef = 13B07FB51A68108700A75B9A /* Images.xcassets */; };
		13B07FC11A68108700A75B9A /* main.m in Sources */ = {isa = PBXBuildFile; fileRef = 13B07FB71A68108700A75B9A /* main.m */; };
		1798AE37B53E4484ADDCAF30 /* MaterialIcons.ttf in Resources */ = {isa = PBXBuildFile; fileRef = 493561F0AF1A4274BAA086B9 /* MaterialIcons.ttf */; };
		33199E28C796418697C33888 /* rubicon-icon-font.ttf in Resources */ = {isa = PBXBuildFile; fileRef = 7A2F560F96374A1E8F5B6795 /* rubicon-icon-font.ttf */; };
		3999CA3C18B144E29B61B492 /* SimpleLineIcons.ttf in Resources */ = {isa = PBXBuildFile; fileRef = 2FD57C4439F94CD08FAB6E49 /* SimpleLineIcons.ttf */; };
		3F6EF4B82F2B46A2A4B16357 /* Ionicons.ttf in Resources */ = {isa = PBXBuildFile; fileRef = BE9A461A1D4E4BA8B4F76B4D /* Ionicons.ttf */; };
		401786086C9544BEAC43DD1A /* Zocial.ttf in Resources */ = {isa = PBXBuildFile; fileRef = 5100FA084C984C8684688961 /* Zocial.ttf */; };
		5B0218B2F94E424F917FF2A8 /* Octicons.ttf in Resources */ = {isa = PBXBuildFile; fileRef = EDA9D05B5C7E42BEB803570D /* Octicons.ttf */; };
		5CDD453D5CF44F67853AFE5B /* FontAwesome5_Brands.ttf in Resources */ = {isa = PBXBuildFile; fileRef = 15B572E1A479478DA4B52662 /* FontAwesome5_Brands.ttf */; };
		81AF2358EF3447138C46ABAF /* libPods-TBears.a in Frameworks */ = {isa = PBXBuildFile; fileRef = 3DAC1E3224FEB6196A2E3DD7 /* libPods-TBears.a */; };
		94AB4D7733A54708A3D683A4 /* Foundation.ttf in Resources */ = {isa = PBXBuildFile; fileRef = DC4D4031A9B44D8788FF340D /* Foundation.ttf */; };
		9BADC4F606E24211B41D79D7 /* Roboto.ttf in Resources */ = {isa = PBXBuildFile; fileRef = 73FED1861F034957BDDBF8D9 /* Roboto.ttf */; };
		B6FDCF3DADF941A3B50307D6 /* AntDesign.ttf in Resources */ = {isa = PBXBuildFile; fileRef = B145E9C8DBEC42C18F837344 /* AntDesign.ttf */; };
		BCC55937C78949BD8CDA9A75 /* MaterialCommunityIcons.ttf in Resources */ = {isa = PBXBuildFile; fileRef = D28E4500C48F4C85B5737BF2 /* MaterialCommunityIcons.ttf */; };
		C1754D9AC57944B591E1322D /* FontAwesome.ttf in Resources */ = {isa = PBXBuildFile; fileRef = C45D3328203140DFB4E3A45B /* FontAwesome.ttf */; };
		C1CE3B605B344A38903C8371 /* FontAwesome5_Solid.ttf in Resources */ = {isa = PBXBuildFile; fileRef = FC17208699814B3C83B2D41A /* FontAwesome5_Solid.ttf */; };
		C29560A959404A33AD8F1BCA /* FontAwesome5_Regular.ttf in Resources */ = {isa = PBXBuildFile; fileRef = 187C83348ECC44948B7CB929 /* FontAwesome5_Regular.ttf */; };
		E40598B3F6D240FD935E8C9F /* EvilIcons.ttf in Resources */ = {isa = PBXBuildFile; fileRef = 5F1F75EB4ED7428D85E916A0 /* EvilIcons.ttf */; };
		E64347C64852438793C9767D /* Entypo.ttf in Resources */ = {isa = PBXBuildFile; fileRef = 893F232758FD43C8819ECAD0 /* Entypo.ttf */; };
		EACED485F7304BAF9EAA4164 /* Roboto_medium.ttf in Resources */ = {isa = PBXBuildFile; fileRef = 74D9E2AA8A4E4A8E91B218B7 /* Roboto_medium.ttf */; };
/* End PBXBuildFile section */

/* Begin PBXFileReference section */
		008F07F21AC5B25A0029DE68 /* main.jsbundle */ = {isa = PBXFileReference; fileEncoding = 4; lastKnownFileType = file; name = main.jsbundle; path = ../main.jsbundle; sourceTree = "<group>"; };
		06C997CDAFDF47F2852473AE /* Fontisto.ttf */ = {isa = PBXFileReference; explicitFileType = undefined; fileEncoding = 9; includeInIndex = 0; lastKnownFileType = unknown; name = Fontisto.ttf; path = "../node_modules/native-base/Fonts/Fontisto.ttf"; sourceTree = "<group>"; };
		0B6E6AA623EEAD11002171BE /* TNavigationController.h */ = {isa = PBXFileReference; lastKnownFileType = sourcecode.c.h; path = TNavigationController.h; sourceTree = "<group>"; };
		0B6E6AA723EEAD11002171BE /* TNavigationController.m */ = {isa = PBXFileReference; lastKnownFileType = sourcecode.c.objc; path = TNavigationController.m; sourceTree = "<group>"; };
		0B6E6AAA23EEF374002171BE /* UIColor+Hex.h */ = {isa = PBXFileReference; lastKnownFileType = sourcecode.c.h; path = "UIColor+Hex.h"; sourceTree = "<group>"; };
		0B6E6AAB23EEF374002171BE /* UIColor+Hex.m */ = {isa = PBXFileReference; lastKnownFileType = sourcecode.c.objc; path = "UIColor+Hex.m"; sourceTree = "<group>"; };
		0B6E6AAD23EEFBC9002171BE /* UIImage+Color.h */ = {isa = PBXFileReference; lastKnownFileType = sourcecode.c.h; path = "UIImage+Color.h"; sourceTree = "<group>"; };
		0B6E6AAE23EEFBC9002171BE /* UIImage+Color.m */ = {isa = PBXFileReference; lastKnownFileType = sourcecode.c.objc; path = "UIImage+Color.m"; sourceTree = "<group>"; };
		0B6E6AB623F03F14002171BE /* PrefixHeader.pch */ = {isa = PBXFileReference; lastKnownFileType = sourcecode.c.h; path = PrefixHeader.pch; sourceTree = "<group>"; };
		0B6E6AB723F03F46002171BE /* Header.h */ = {isa = PBXFileReference; lastKnownFileType = sourcecode.c.h; path = Header.h; sourceTree = "<group>"; };
		0B7061C123EE93F7009D3233 /* TRootViewController.h */ = {isa = PBXFileReference; lastKnownFileType = sourcecode.c.h; path = TRootViewController.h; sourceTree = "<group>"; };
		0B7061C223EE93F7009D3233 /* TRootViewController.m */ = {isa = PBXFileReference; lastKnownFileType = sourcecode.c.objc; path = TRootViewController.m; sourceTree = "<group>"; };
		0B7061C423EE9443009D3233 /* TChatViewController.h */ = {isa = PBXFileReference; lastKnownFileType = sourcecode.c.h; path = TChatViewController.h; sourceTree = "<group>"; };
		0B7061C523EE9443009D3233 /* TChatViewController.m */ = {isa = PBXFileReference; lastKnownFileType = sourcecode.c.objc; path = TChatViewController.m; sourceTree = "<group>"; };
		0BB1169A23EC63B50079CEE8 /* RNBridge.h */ = {isa = PBXFileReference; lastKnownFileType = sourcecode.c.h; path = RNBridge.h; sourceTree = "<group>"; };
		0BB1169B23EC63B50079CEE8 /* RNBridge.m */ = {isa = PBXFileReference; lastKnownFileType = sourcecode.c.objc; path = RNBridge.m; sourceTree = "<group>"; };
		0BFACC1E23F0480700D941F1 /* TChatMessageViewController.h */ = {isa = PBXFileReference; lastKnownFileType = sourcecode.c.h; path = TChatMessageViewController.h; sourceTree = "<group>"; };
		0BFACC1F23F0480700D941F1 /* TChatMessageViewController.m */ = {isa = PBXFileReference; lastKnownFileType = sourcecode.c.objc; path = TChatMessageViewController.m; sourceTree = "<group>"; };
		0BFACC2123F0484900D941F1 /* TChatBoxViewController.h */ = {isa = PBXFileReference; lastKnownFileType = sourcecode.c.h; path = TChatBoxViewController.h; sourceTree = "<group>"; };
		0BFACC2223F0484900D941F1 /* TChatBoxViewController.m */ = {isa = PBXFileReference; lastKnownFileType = sourcecode.c.objc; path = TChatBoxViewController.m; sourceTree = "<group>"; };
		0BFACC2523F05F2800D941F1 /* TChatBoxView.h */ = {isa = PBXFileReference; lastKnownFileType = sourcecode.c.h; path = TChatBoxView.h; sourceTree = "<group>"; };
		0BFACC2623F05F2800D941F1 /* TChatBoxView.m */ = {isa = PBXFileReference; lastKnownFileType = sourcecode.c.objc; path = TChatBoxView.m; sourceTree = "<group>"; };
		13B07F961A680F5B00A75B9A /* TBears.app */ = {isa = PBXFileReference; explicitFileType = wrapper.application; includeInIndex = 0; path = TBears.app; sourceTree = BUILT_PRODUCTS_DIR; };
		13B07FAF1A68108700A75B9A /* AppDelegate.h */ = {isa = PBXFileReference; fileEncoding = 4; lastKnownFileType = sourcecode.c.h; path = AppDelegate.h; sourceTree = "<group>"; };
		13B07FB01A68108700A75B9A /* AppDelegate.m */ = {isa = PBXFileReference; fileEncoding = 4; lastKnownFileType = sourcecode.c.objc; path = AppDelegate.m; sourceTree = "<group>"; };
		13B07FB51A68108700A75B9A /* Images.xcassets */ = {isa = PBXFileReference; lastKnownFileType = folder.assetcatalog; path = Images.xcassets; sourceTree = "<group>"; };
		13B07FB61A68108700A75B9A /* Info.plist */ = {isa = PBXFileReference; fileEncoding = 4; lastKnownFileType = text.plist.xml; path = Info.plist; sourceTree = "<group>"; };
		13B07FB71A68108700A75B9A /* main.m */ = {isa = PBXFileReference; fileEncoding = 4; lastKnownFileType = sourcecode.c.objc; path = main.m; sourceTree = "<group>"; };
		15B572E1A479478DA4B52662 /* FontAwesome5_Brands.ttf */ = {isa = PBXFileReference; explicitFileType = undefined; fileEncoding = 9; includeInIndex = 0; lastKnownFileType = unknown; name = FontAwesome5_Brands.ttf; path = "../node_modules/native-base/Fonts/FontAwesome5_Brands.ttf"; sourceTree = "<group>"; };
		187C83348ECC44948B7CB929 /* FontAwesome5_Regular.ttf */ = {isa = PBXFileReference; explicitFileType = undefined; fileEncoding = 9; includeInIndex = 0; lastKnownFileType = unknown; name = FontAwesome5_Regular.ttf; path = "../node_modules/native-base/Fonts/FontAwesome5_Regular.ttf"; sourceTree = "<group>"; };
		2FD57C4439F94CD08FAB6E49 /* SimpleLineIcons.ttf */ = {isa = PBXFileReference; explicitFileType = undefined; fileEncoding = 9; includeInIndex = 0; lastKnownFileType = unknown; name = SimpleLineIcons.ttf; path = "../node_modules/native-base/Fonts/SimpleLineIcons.ttf"; sourceTree = "<group>"; };
		31478CE122AD632C378C45DD /* Pods-TBears.debug.xcconfig */ = {isa = PBXFileReference; includeInIndex = 1; lastKnownFileType = text.xcconfig; name = "Pods-TBears.debug.xcconfig"; path = "Target Support Files/Pods-TBears/Pods-TBears.debug.xcconfig"; sourceTree = "<group>"; };
		38AF3516F973DF2D52642935 /* Pods-TBears.release.xcconfig */ = {isa = PBXFileReference; includeInIndex = 1; lastKnownFileType = text.xcconfig; name = "Pods-TBears.release.xcconfig"; path = "Target Support Files/Pods-TBears/Pods-TBears.release.xcconfig"; sourceTree = "<group>"; };
		3DAC1E3224FEB6196A2E3DD7 /* libPods-TBears.a */ = {isa = PBXFileReference; explicitFileType = archive.ar; includeInIndex = 0; path = "libPods-TBears.a"; sourceTree = BUILT_PRODUCTS_DIR; };
		493561F0AF1A4274BAA086B9 /* MaterialIcons.ttf */ = {isa = PBXFileReference; explicitFileType = undefined; fileEncoding = 9; includeInIndex = 0; lastKnownFileType = unknown; name = MaterialIcons.ttf; path = "../node_modules/native-base/Fonts/MaterialIcons.ttf"; sourceTree = "<group>"; };
		5100FA084C984C8684688961 /* Zocial.ttf */ = {isa = PBXFileReference; explicitFileType = undefined; fileEncoding = 9; includeInIndex = 0; lastKnownFileType = unknown; name = Zocial.ttf; path = "../node_modules/native-base/Fonts/Zocial.ttf"; sourceTree = "<group>"; };
		5F1F75EB4ED7428D85E916A0 /* EvilIcons.ttf */ = {isa = PBXFileReference; explicitFileType = undefined; fileEncoding = 9; includeInIndex = 0; lastKnownFileType = unknown; name = EvilIcons.ttf; path = "../node_modules/native-base/Fonts/EvilIcons.ttf"; sourceTree = "<group>"; };
		73FED1861F034957BDDBF8D9 /* Roboto.ttf */ = {isa = PBXFileReference; explicitFileType = undefined; fileEncoding = 9; includeInIndex = 0; lastKnownFileType = unknown; name = Roboto.ttf; path = "../node_modules/native-base/Fonts/Roboto.ttf"; sourceTree = "<group>"; };
		74D9E2AA8A4E4A8E91B218B7 /* Roboto_medium.ttf */ = {isa = PBXFileReference; explicitFileType = undefined; fileEncoding = 9; includeInIndex = 0; lastKnownFileType = unknown; name = Roboto_medium.ttf; path = "../node_modules/native-base/Fonts/Roboto_medium.ttf"; sourceTree = "<group>"; };
		7A2F560F96374A1E8F5B6795 /* rubicon-icon-font.ttf */ = {isa = PBXFileReference; explicitFileType = undefined; fileEncoding = 9; includeInIndex = 0; lastKnownFileType = unknown; name = "rubicon-icon-font.ttf"; path = "../node_modules/native-base/Fonts/rubicon-icon-font.ttf"; sourceTree = "<group>"; };
		893F232758FD43C8819ECAD0 /* Entypo.ttf */ = {isa = PBXFileReference; explicitFileType = undefined; fileEncoding = 9; includeInIndex = 0; lastKnownFileType = unknown; name = Entypo.ttf; path = "../node_modules/native-base/Fonts/Entypo.ttf"; sourceTree = "<group>"; };
		AC719B7B74734243B38DAEEB /* Feather.ttf */ = {isa = PBXFileReference; explicitFileType = undefined; fileEncoding = 9; includeInIndex = 0; lastKnownFileType = unknown; name = Feather.ttf; path = "../node_modules/native-base/Fonts/Feather.ttf"; sourceTree = "<group>"; };
		B145E9C8DBEC42C18F837344 /* AntDesign.ttf */ = {isa = PBXFileReference; explicitFileType = undefined; fileEncoding = 9; includeInIndex = 0; lastKnownFileType = unknown; name = AntDesign.ttf; path = "../node_modules/native-base/Fonts/AntDesign.ttf"; sourceTree = "<group>"; };
		BE9A461A1D4E4BA8B4F76B4D /* Ionicons.ttf */ = {isa = PBXFileReference; explicitFileType = undefined; fileEncoding = 9; includeInIndex = 0; lastKnownFileType = unknown; name = Ionicons.ttf; path = "../node_modules/native-base/Fonts/Ionicons.ttf"; sourceTree = "<group>"; };
		C45D3328203140DFB4E3A45B /* FontAwesome.ttf */ = {isa = PBXFileReference; explicitFileType = undefined; fileEncoding = 9; includeInIndex = 0; lastKnownFileType = unknown; name = FontAwesome.ttf; path = "../node_modules/native-base/Fonts/FontAwesome.ttf"; sourceTree = "<group>"; };
		D28E4500C48F4C85B5737BF2 /* MaterialCommunityIcons.ttf */ = {isa = PBXFileReference; explicitFileType = undefined; fileEncoding = 9; includeInIndex = 0; lastKnownFileType = unknown; name = MaterialCommunityIcons.ttf; path = "../node_modules/native-base/Fonts/MaterialCommunityIcons.ttf"; sourceTree = "<group>"; };
		DC4D4031A9B44D8788FF340D /* Foundation.ttf */ = {isa = PBXFileReference; explicitFileType = undefined; fileEncoding = 9; includeInIndex = 0; lastKnownFileType = unknown; name = Foundation.ttf; path = "../node_modules/native-base/Fonts/Foundation.ttf"; sourceTree = "<group>"; };
		ED297162215061F000B7C4FE /* JavaScriptCore.framework */ = {isa = PBXFileReference; lastKnownFileType = wrapper.framework; name = JavaScriptCore.framework; path = System/Library/Frameworks/JavaScriptCore.framework; sourceTree = SDKROOT; };
		ED2971642150620600B7C4FE /* JavaScriptCore.framework */ = {isa = PBXFileReference; lastKnownFileType = wrapper.framework; name = JavaScriptCore.framework; path = Platforms/AppleTVOS.platform/Developer/SDKs/AppleTVOS12.0.sdk/System/Library/Frameworks/JavaScriptCore.framework; sourceTree = DEVELOPER_DIR; };
		EDA9D05B5C7E42BEB803570D /* Octicons.ttf */ = {isa = PBXFileReference; explicitFileType = undefined; fileEncoding = 9; includeInIndex = 0; lastKnownFileType = unknown; name = Octicons.ttf; path = "../node_modules/native-base/Fonts/Octicons.ttf"; sourceTree = "<group>"; };
		FC17208699814B3C83B2D41A /* FontAwesome5_Solid.ttf */ = {isa = PBXFileReference; explicitFileType = undefined; fileEncoding = 9; includeInIndex = 0; lastKnownFileType = unknown; name = FontAwesome5_Solid.ttf; path = "../node_modules/native-base/Fonts/FontAwesome5_Solid.ttf"; sourceTree = "<group>"; };
/* End PBXFileReference section */

/* Begin PBXFrameworksBuildPhase section */
		13B07F8C1A680F5B00A75B9A /* Frameworks */ = {
			isa = PBXFrameworksBuildPhase;
			buildActionMask = 2147483647;
			files = (
				81AF2358EF3447138C46ABAF /* libPods-TBears.a in Frameworks */,
			);
			runOnlyForDeploymentPostprocessing = 0;
		};
/* End PBXFrameworksBuildPhase section */

/* Begin PBXGroup section */
		0B6E6AA523EEA751002171BE /* Common */ = {
			isa = PBXGroup;
			children = (
				0B6E6AA623EEAD11002171BE /* TNavigationController.h */,
				0B6E6AA723EEAD11002171BE /* TNavigationController.m */,
			);
			path = Common;
			sourceTree = "<group>";
		};
		0B6E6AA923EEF2CC002171BE /* Category */ = {
			isa = PBXGroup;
			children = (
				0B6E6AAA23EEF374002171BE /* UIColor+Hex.h */,
				0B6E6AAB23EEF374002171BE /* UIColor+Hex.m */,
				0B6E6AAD23EEFBC9002171BE /* UIImage+Color.h */,
				0B6E6AAE23EEFBC9002171BE /* UIImage+Color.m */,
			);
			path = Category;
			sourceTree = "<group>";
		};
		0B7061C023EE93BC009D3233 /* Controller */ = {
			isa = PBXGroup;
			children = (
				0BFACC1C23F0456700D941F1 /* Chat */,
				0B7061C123EE93F7009D3233 /* TRootViewController.h */,
				0B7061C223EE93F7009D3233 /* TRootViewController.m */,
			);
			path = Controller;
			sourceTree = "<group>";
		};
		0BD9E44F23EE9AB400CDD17B /* TBears */ = {
			isa = PBXGroup;
			children = (
				13B07FAF1A68108700A75B9A /* AppDelegate.h */,
				13B07FB01A68108700A75B9A /* AppDelegate.m */,
				0B6E6AA523EEA751002171BE /* Common */,
				0B6E6AA923EEF2CC002171BE /* Category */,
				0BFACC1D23F0479A00D941F1 /* Model */,
				0BFACC2423F05EB600D941F1 /* View */,
				0B7061C023EE93BC009D3233 /* Controller */,
				0B6E6AB723F03F46002171BE /* Header.h */,
				13B07FB51A68108700A75B9A /* Images.xcassets */,
				13B07FB61A68108700A75B9A /* Info.plist */,
				008F07F21AC5B25A0029DE68 /* main.jsbundle */,
				13B07FB71A68108700A75B9A /* main.m */,
				0B6E6AB623F03F14002171BE /* PrefixHeader.pch */,
				0BB1169A23EC63B50079CEE8 /* RNBridge.h */,
				0BB1169B23EC63B50079CEE8 /* RNBridge.m */,
			);
			path = TBears;
			sourceTree = "<group>";
		};
		0BE5575A23F45FA600B37D41 /* ChatBox */ = {
			isa = PBXGroup;
			children = (
				0BFACC2523F05F2800D941F1 /* TChatBoxView.h */,
				0BFACC2623F05F2800D941F1 /* TChatBoxView.m */,
			);
			path = ChatBox;
			sourceTree = "<group>";
		};
		0BFACC1C23F0456700D941F1 /* Chat */ = {
			isa = PBXGroup;
			children = (
				0B7061C423EE9443009D3233 /* TChatViewController.h */,
				0B7061C523EE9443009D3233 /* TChatViewController.m */,
				0BFACC1E23F0480700D941F1 /* TChatMessageViewController.h */,
				0BFACC1F23F0480700D941F1 /* TChatMessageViewController.m */,
				0BFACC2123F0484900D941F1 /* TChatBoxViewController.h */,
				0BFACC2223F0484900D941F1 /* TChatBoxViewController.m */,
			);
			name = Chat;
			sourceTree = "<group>";
		};
		0BFACC1D23F0479A00D941F1 /* Model */ = {
			isa = PBXGroup;
			children = (
			);
			path = Model;
			sourceTree = "<group>";
		};
		0BFACC2423F05EB600D941F1 /* View */ = {
			isa = PBXGroup;
			children = (
				0BE5575A23F45FA600B37D41 /* ChatBox */,
			);
			path = View;
			sourceTree = "<group>";
		};
		2020B875ACCFB5571F09EA7A /* Pods */ = {
			isa = PBXGroup;
			children = (
				31478CE122AD632C378C45DD /* Pods-TBears.debug.xcconfig */,
				38AF3516F973DF2D52642935 /* Pods-TBears.release.xcconfig */,
			);
			path = Pods;
			sourceTree = "<group>";
		};
		2D16E6871FA4F8E400B85C8A /* Frameworks */ = {
			isa = PBXGroup;
			children = (
				ED297162215061F000B7C4FE /* JavaScriptCore.framework */,
				ED2971642150620600B7C4FE /* JavaScriptCore.framework */,
				3DAC1E3224FEB6196A2E3DD7 /* libPods-TBears.a */,
			);
			name = Frameworks;
			sourceTree = "<group>";
		};
		832341AE1AAA6A7D00B99B32 /* Libraries */ = {
			isa = PBXGroup;
			children = (
			);
			name = Libraries;
			sourceTree = "<group>";
		};
		83CBB9F61A601CBA00E9B192 = {
			isa = PBXGroup;
			children = (
				0BD9E44F23EE9AB400CDD17B /* TBears */,
				832341AE1AAA6A7D00B99B32 /* Libraries */,
				83CBBA001A601CBA00E9B192 /* Products */,
				2D16E6871FA4F8E400B85C8A /* Frameworks */,
				2020B875ACCFB5571F09EA7A /* Pods */,
				F08F83C0F7BB420492B7D967 /* Resources */,
			);
			indentWidth = 4;
			sourceTree = "<group>";
			tabWidth = 4;
			usesTabs = 0;
		};
		83CBBA001A601CBA00E9B192 /* Products */ = {
			isa = PBXGroup;
			children = (
				13B07F961A680F5B00A75B9A /* TBears.app */,
			);
			name = Products;
			sourceTree = "<group>";
		};
		F08F83C0F7BB420492B7D967 /* Resources */ = {
			isa = PBXGroup;
			children = (
				B145E9C8DBEC42C18F837344 /* AntDesign.ttf */,
				893F232758FD43C8819ECAD0 /* Entypo.ttf */,
				5F1F75EB4ED7428D85E916A0 /* EvilIcons.ttf */,
				AC719B7B74734243B38DAEEB /* Feather.ttf */,
				C45D3328203140DFB4E3A45B /* FontAwesome.ttf */,
				15B572E1A479478DA4B52662 /* FontAwesome5_Brands.ttf */,
				187C83348ECC44948B7CB929 /* FontAwesome5_Regular.ttf */,
				FC17208699814B3C83B2D41A /* FontAwesome5_Solid.ttf */,
				06C997CDAFDF47F2852473AE /* Fontisto.ttf */,
				DC4D4031A9B44D8788FF340D /* Foundation.ttf */,
				BE9A461A1D4E4BA8B4F76B4D /* Ionicons.ttf */,
				D28E4500C48F4C85B5737BF2 /* MaterialCommunityIcons.ttf */,
				493561F0AF1A4274BAA086B9 /* MaterialIcons.ttf */,
				EDA9D05B5C7E42BEB803570D /* Octicons.ttf */,
				74D9E2AA8A4E4A8E91B218B7 /* Roboto_medium.ttf */,
				73FED1861F034957BDDBF8D9 /* Roboto.ttf */,
				7A2F560F96374A1E8F5B6795 /* rubicon-icon-font.ttf */,
				2FD57C4439F94CD08FAB6E49 /* SimpleLineIcons.ttf */,
				5100FA084C984C8684688961 /* Zocial.ttf */,
			);
			name = Resources;
			sourceTree = "<group>";
		};
/* End PBXGroup section */

/* Begin PBXNativeTarget section */
		13B07F861A680F5B00A75B9A /* TBears */ = {
			isa = PBXNativeTarget;
			buildConfigurationList = 13B07F931A680F5B00A75B9A /* Build configuration list for PBXNativeTarget "TBears" */;
			buildPhases = (
				469E6F7C3F338C070C9CEA5A /* [CP] Check Pods Manifest.lock */,
				FD10A7F022414F080027D42C /* Start Packager */,
				13B07F871A680F5B00A75B9A /* Sources */,
				13B07F8C1A680F5B00A75B9A /* Frameworks */,
				13B07F8E1A680F5B00A75B9A /* Resources */,
				00DD1BFF1BD5951E006B06BC /* Bundle React Native code and images */,
			);
			buildRules = (
			);
			dependencies = (
			);
			name = TBears;
			productName = TBears;
			productReference = 13B07F961A680F5B00A75B9A /* TBears.app */;
			productType = "com.apple.product-type.application";
		};
/* End PBXNativeTarget section */

/* Begin PBXProject section */
		83CBB9F71A601CBA00E9B192 /* Project object */ = {
			isa = PBXProject;
			attributes = {
				LastUpgradeCheck = 940;
				ORGANIZATIONNAME = Facebook;
			};
			buildConfigurationList = 83CBB9FA1A601CBA00E9B192 /* Build configuration list for PBXProject "TBears" */;
			compatibilityVersion = "Xcode 3.2";
			developmentRegion = English;
			hasScannedForEncodings = 0;
			knownRegions = (
				English,
				en,
				Base,
			);
			mainGroup = 83CBB9F61A601CBA00E9B192;
			productRefGroup = 83CBBA001A601CBA00E9B192 /* Products */;
			projectDirPath = "";
			projectRoot = "";
			targets = (
				13B07F861A680F5B00A75B9A /* TBears */,
			);
		};
/* End PBXProject section */

/* Begin PBXResourcesBuildPhase section */
		13B07F8E1A680F5B00A75B9A /* Resources */ = {
			isa = PBXResourcesBuildPhase;
			buildActionMask = 2147483647;
			files = (
				13B07FBF1A68108700A75B9A /* Images.xcassets in Resources */,
				B6FDCF3DADF941A3B50307D6 /* AntDesign.ttf in Resources */,
				E64347C64852438793C9767D /* Entypo.ttf in Resources */,
				E40598B3F6D240FD935E8C9F /* EvilIcons.ttf in Resources */,
				087CE9DCB40248FD8A6FC8C9 /* Feather.ttf in Resources */,
				C1754D9AC57944B591E1322D /* FontAwesome.ttf in Resources */,
				5CDD453D5CF44F67853AFE5B /* FontAwesome5_Brands.ttf in Resources */,
				C29560A959404A33AD8F1BCA /* FontAwesome5_Regular.ttf in Resources */,
				C1CE3B605B344A38903C8371 /* FontAwesome5_Solid.ttf in Resources */,
				02AD445F5C2B4BC19F68328D /* Fontisto.ttf in Resources */,
				94AB4D7733A54708A3D683A4 /* Foundation.ttf in Resources */,
				3F6EF4B82F2B46A2A4B16357 /* Ionicons.ttf in Resources */,
				BCC55937C78949BD8CDA9A75 /* MaterialCommunityIcons.ttf in Resources */,
				1798AE37B53E4484ADDCAF30 /* MaterialIcons.ttf in Resources */,
				5B0218B2F94E424F917FF2A8 /* Octicons.ttf in Resources */,
				EACED485F7304BAF9EAA4164 /* Roboto_medium.ttf in Resources */,
				9BADC4F606E24211B41D79D7 /* Roboto.ttf in Resources */,
				33199E28C796418697C33888 /* rubicon-icon-font.ttf in Resources */,
				3999CA3C18B144E29B61B492 /* SimpleLineIcons.ttf in Resources */,
				401786086C9544BEAC43DD1A /* Zocial.ttf in Resources */,
			);
			runOnlyForDeploymentPostprocessing = 0;
		};
/* End PBXResourcesBuildPhase section */

/* Begin PBXShellScriptBuildPhase section */
		00DD1BFF1BD5951E006B06BC /* Bundle React Native code and images */ = {
			isa = PBXShellScriptBuildPhase;
			buildActionMask = 2147483647;
			files = (
			);
			inputPaths = (
			);
			name = "Bundle React Native code and images";
			outputPaths = (
			);
			runOnlyForDeploymentPostprocessing = 0;
			shellPath = /bin/sh;
			shellScript = "export NODE_BINARY=node\n../node_modules/react-native/scripts/react-native-xcode.sh\n";
		};
		469E6F7C3F338C070C9CEA5A /* [CP] Check Pods Manifest.lock */ = {
			isa = PBXShellScriptBuildPhase;
			buildActionMask = 2147483647;
			files = (
			);
			inputFileListPaths = (
			);
			inputPaths = (
				"${PODS_PODFILE_DIR_PATH}/Podfile.lock",
				"${PODS_ROOT}/Manifest.lock",
			);
			name = "[CP] Check Pods Manifest.lock";
			outputFileListPaths = (
			);
			outputPaths = (
				"$(DERIVED_FILE_DIR)/Pods-TBears-checkManifestLockResult.txt",
			);
			runOnlyForDeploymentPostprocessing = 0;
			shellPath = /bin/sh;
			shellScript = "diff \"${PODS_PODFILE_DIR_PATH}/Podfile.lock\" \"${PODS_ROOT}/Manifest.lock\" > /dev/null\nif [ $? != 0 ] ; then\n    # print error to STDERR\n    echo \"error: The sandbox is not in sync with the Podfile.lock. Run 'pod install' or update your CocoaPods installation.\" >&2\n    exit 1\nfi\n# This output is used by Xcode 'outputs' to avoid re-running this script phase.\necho \"SUCCESS\" > \"${SCRIPT_OUTPUT_FILE_0}\"\n";
			showEnvVarsInLog = 0;
		};
		FD10A7F022414F080027D42C /* Start Packager */ = {
			isa = PBXShellScriptBuildPhase;
			buildActionMask = 2147483647;
			files = (
			);
			inputFileListPaths = (
			);
			inputPaths = (
			);
			name = "Start Packager";
			outputFileListPaths = (
			);
			outputPaths = (
			);
			runOnlyForDeploymentPostprocessing = 0;
			shellPath = /bin/sh;
			shellScript = "export RCT_METRO_PORT=\"${RCT_METRO_PORT:=8081}\"\necho \"export RCT_METRO_PORT=${RCT_METRO_PORT}\" > \"${SRCROOT}/../node_modules/react-native/scripts/.packager.env\"\nif [ -z \"${RCT_NO_LAUNCH_PACKAGER+xxx}\" ] ; then\n  if nc -w 5 -z localhost ${RCT_METRO_PORT} ; then\n    if ! curl -s \"http://localhost:${RCT_METRO_PORT}/status\" | grep -q \"packager-status:running\" ; then\n      echo \"Port ${RCT_METRO_PORT} already in use, packager is either not running or not running correctly\"\n      exit 2\n    fi\n  else\n    open \"$SRCROOT/../node_modules/react-native/scripts/launchPackager.command\" || echo \"Can't start packager automatically\"\n  fi\nfi\n";
			showEnvVarsInLog = 0;
		};
/* End PBXShellScriptBuildPhase section */

/* Begin PBXSourcesBuildPhase section */
		13B07F871A680F5B00A75B9A /* Sources */ = {
			isa = PBXSourcesBuildPhase;
			buildActionMask = 2147483647;
			files = (
				0BFACC2723F05F2800D941F1 /* TChatBoxView.m in Sources */,
				0B6E6AA823EEAD11002171BE /* TNavigationController.m in Sources */,
				0BB1169C23EC63B50079CEE8 /* RNBridge.m in Sources */,
				0B7061C623EE9443009D3233 /* TChatViewController.m in Sources */,
				13B07FBC1A68108700A75B9A /* AppDelegate.m in Sources */,
				0B6E6AAC23EEF374002171BE /* UIColor+Hex.m in Sources */,
				0BFACC2323F0484900D941F1 /* TChatBoxViewController.m in Sources */,
				0B6E6AAF23EEFBC9002171BE /* UIImage+Color.m in Sources */,
				0B7061C323EE93F7009D3233 /* TRootViewController.m in Sources */,
				13B07FC11A68108700A75B9A /* main.m in Sources */,
				0BFACC2023F0480700D941F1 /* TChatMessageViewController.m in Sources */,
			);
			runOnlyForDeploymentPostprocessing = 0;
		};
/* End PBXSourcesBuildPhase section */

/* Begin XCBuildConfiguration section */
		13B07F941A680F5B00A75B9A /* Debug */ = {
			isa = XCBuildConfiguration;
			baseConfigurationReference = 31478CE122AD632C378C45DD /* Pods-TBears.debug.xcconfig */;
			buildSettings = {
				ASSETCATALOG_COMPILER_APPICON_NAME = AppIcon;
				CURRENT_PROJECT_VERSION = 1;
				DEAD_CODE_STRIPPING = NO;
				INFOPLIST_FILE = TBears/Info.plist;
				LD_RUNPATH_SEARCH_PATHS = "$(inherited) @executable_path/Frameworks";
				OTHER_LDFLAGS = (
					"$(inherited)",
					"-ObjC",
					"-lc++",
				);
				PRODUCT_BUNDLE_IDENTIFIER = "org.reactjs.native.example.$(PRODUCT_NAME:rfc1034identifier)";
				PRODUCT_NAME = TBears;
				VERSIONING_SYSTEM = "apple-generic";
			};
			name = Debug;
		};
		13B07F951A680F5B00A75B9A /* Release */ = {
			isa = XCBuildConfiguration;
			baseConfigurationReference = 38AF3516F973DF2D52642935 /* Pods-TBears.release.xcconfig */;
			buildSettings = {
				ASSETCATALOG_COMPILER_APPICON_NAME = AppIcon;
				CURRENT_PROJECT_VERSION = 1;
				INFOPLIST_FILE = TBears/Info.plist;
				LD_RUNPATH_SEARCH_PATHS = "$(inherited) @executable_path/Frameworks";
				OTHER_LDFLAGS = (
					"$(inherited)",
					"-ObjC",
					"-lc++",
				);
				PRODUCT_BUNDLE_IDENTIFIER = "org.reactjs.native.example.$(PRODUCT_NAME:rfc1034identifier)";
				PRODUCT_NAME = TBears;
				VERSIONING_SYSTEM = "apple-generic";
			};
			name = Release;
		};
		83CBBA201A601CBA00E9B192 /* Debug */ = {
			isa = XCBuildConfiguration;
			buildSettings = {
				ALWAYS_SEARCH_USER_PATHS = NO;
				CLANG_CXX_LANGUAGE_STANDARD = "gnu++0x";
				CLANG_CXX_LIBRARY = "libc++";
				CLANG_ENABLE_MODULES = YES;
				CLANG_ENABLE_OBJC_ARC = YES;
				CLANG_WARN_BLOCK_CAPTURE_AUTORELEASING = YES;
				CLANG_WARN_BOOL_CONVERSION = YES;
				CLANG_WARN_COMMA = YES;
				CLANG_WARN_CONSTANT_CONVERSION = YES;
				CLANG_WARN_DEPRECATED_OBJC_IMPLEMENTATIONS = YES;
				CLANG_WARN_DIRECT_OBJC_ISA_USAGE = YES_ERROR;
				CLANG_WARN_EMPTY_BODY = YES;
				CLANG_WARN_ENUM_CONVERSION = YES;
				CLANG_WARN_INFINITE_RECURSION = YES;
				CLANG_WARN_INT_CONVERSION = YES;
				CLANG_WARN_NON_LITERAL_NULL_CONVERSION = YES;
				CLANG_WARN_OBJC_IMPLICIT_RETAIN_SELF = YES;
				CLANG_WARN_OBJC_LITERAL_CONVERSION = YES;
				CLANG_WARN_OBJC_ROOT_CLASS = YES_ERROR;
				CLANG_WARN_RANGE_LOOP_ANALYSIS = YES;
				CLANG_WARN_STRICT_PROTOTYPES = YES;
				CLANG_WARN_SUSPICIOUS_MOVE = YES;
				CLANG_WARN_UNREACHABLE_CODE = YES;
				CLANG_WARN__DUPLICATE_METHOD_MATCH = YES;
				"CODE_SIGN_IDENTITY[sdk=iphoneos*]" = "iPhone Developer";
				COPY_PHASE_STRIP = NO;
				ENABLE_STRICT_OBJC_MSGSEND = YES;
				ENABLE_TESTABILITY = YES;
				GCC_C_LANGUAGE_STANDARD = gnu99;
				GCC_DYNAMIC_NO_PIC = NO;
				GCC_NO_COMMON_BLOCKS = YES;
				GCC_OPTIMIZATION_LEVEL = 0;
				GCC_PRECOMPILE_PREFIX_HEADER = YES;
				GCC_PREFIX_HEADER = /Users/lichangxin/Project/TBears/ios/TBears/PrefixHeader.pch;
				GCC_PREPROCESSOR_DEFINITIONS = (
					"DEBUG=1",
					"$(inherited)",
				);
				GCC_SYMBOLS_PRIVATE_EXTERN = NO;
				GCC_WARN_64_TO_32_BIT_CONVERSION = YES;
				GCC_WARN_ABOUT_RETURN_TYPE = YES_ERROR;
				GCC_WARN_UNDECLARED_SELECTOR = YES;
				GCC_WARN_UNINITIALIZED_AUTOS = YES_AGGRESSIVE;
				GCC_WARN_UNUSED_FUNCTION = YES;
				GCC_WARN_UNUSED_VARIABLE = YES;
				IPHONEOS_DEPLOYMENT_TARGET = 9.0;
				MTL_ENABLE_DEBUG_INFO = YES;
				ONLY_ACTIVE_ARCH = YES;
				SDKROOT = iphoneos;
			};
			name = Debug;
		};
		83CBBA211A601CBA00E9B192 /* Release */ = {
			isa = XCBuildConfiguration;
			buildSettings = {
				ALWAYS_SEARCH_USER_PATHS = NO;
				CLANG_CXX_LANGUAGE_STANDARD = "gnu++0x";
				CLANG_CXX_LIBRARY = "libc++";
				CLANG_ENABLE_MODULES = YES;
				CLANG_ENABLE_OBJC_ARC = YES;
				CLANG_WARN_BLOCK_CAPTURE_AUTORELEASING = YES;
				CLANG_WARN_BOOL_CONVERSION = YES;
				CLANG_WARN_COMMA = YES;
				CLANG_WARN_CONSTANT_CONVERSION = YES;
				CLANG_WARN_DEPRECATED_OBJC_IMPLEMENTATIONS = YES;
				CLANG_WARN_DIRECT_OBJC_ISA_USAGE = YES_ERROR;
				CLANG_WARN_EMPTY_BODY = YES;
				CLANG_WARN_ENUM_CONVERSION = YES;
				CLANG_WARN_INFINITE_RECURSION = YES;
				CLANG_WARN_INT_CONVERSION = YES;
				CLANG_WARN_NON_LITERAL_NULL_CONVERSION = YES;
				CLANG_WARN_OBJC_IMPLICIT_RETAIN_SELF = YES;
				CLANG_WARN_OBJC_LITERAL_CONVERSION = YES;
				CLANG_WARN_OBJC_ROOT_CLASS = YES_ERROR;
				CLANG_WARN_RANGE_LOOP_ANALYSIS = YES;
				CLANG_WARN_STRICT_PROTOTYPES = YES;
				CLANG_WARN_SUSPICIOUS_MOVE = YES;
				CLANG_WARN_UNREACHABLE_CODE = YES;
				CLANG_WARN__DUPLICATE_METHOD_MATCH = YES;
				"CODE_SIGN_IDENTITY[sdk=iphoneos*]" = "iPhone Developer";
				COPY_PHASE_STRIP = YES;
				ENABLE_NS_ASSERTIONS = NO;
				ENABLE_STRICT_OBJC_MSGSEND = YES;
				GCC_C_LANGUAGE_STANDARD = gnu99;
				GCC_NO_COMMON_BLOCKS = YES;
				GCC_PRECOMPILE_PREFIX_HEADER = YES;
				GCC_WARN_64_TO_32_BIT_CONVERSION = YES;
				GCC_WARN_ABOUT_RETURN_TYPE = YES_ERROR;
				GCC_WARN_UNDECLARED_SELECTOR = YES;
				GCC_WARN_UNINITIALIZED_AUTOS = YES_AGGRESSIVE;
				GCC_WARN_UNUSED_FUNCTION = YES;
				GCC_WARN_UNUSED_VARIABLE = YES;
				IPHONEOS_DEPLOYMENT_TARGET = 9.0;
				MTL_ENABLE_DEBUG_INFO = NO;
				SDKROOT = iphoneos;
				VALIDATE_PRODUCT = YES;
			};
			name = Release;
		};
/* End XCBuildConfiguration section */

/* Begin XCConfigurationList section */
		13B07F931A680F5B00A75B9A /* Build configuration list for PBXNativeTarget "TBears" */ = {
			isa = XCConfigurationList;
			buildConfigurations = (
				13B07F941A680F5B00A75B9A /* Debug */,
				13B07F951A680F5B00A75B9A /* Release */,
			);
			defaultConfigurationIsVisible = 0;
			defaultConfigurationName = Release;
		};
		83CBB9FA1A601CBA00E9B192 /* Build configuration list for PBXProject "TBears" */ = {
			isa = XCConfigurationList;
			buildConfigurations = (
				83CBBA201A601CBA00E9B192 /* Debug */,
				83CBBA211A601CBA00E9B192 /* Release */,
			);
			defaultConfigurationIsVisible = 0;
			defaultConfigurationName = Release;
		};
/* End XCConfigurationList section */
	};
	rootObject = 83CBB9F71A601CBA00E9B192 /* Project object */;
}
